{
  "name": "epogue-palindrome",
  "version": "0.2.1",
  "lockfileVersion": 2,
  "requires": true,
  "packages": {
    "": {
      "name": "epogue-palindrome",
      "version": "0.2.1",
      "license": "ISC",
      "dependencies": {
        "epogue-palindrome": "^0.2.0"
      }
    },
    "node_modules/epogue-palindrome": {
      "version": "0.2.0",
      "resolved": "https://registry.npmjs.org/epogue-palindrome/-/epogue-palindrome-0.2.0.tgz",
      "integrity": "sha512-tD2URxjf5eDxiK9pcZaAlmuB7apSjehxmxabtIbyd9YIn20QXYU9uBpndlGvW+LSRQk325v4N/U32fQBqyXNaw=="
    }
  },
  "dependencies": {
    "epogue-palindrome": {
      "version": "0.2.0",
      "resolved": "https://registry.npmjs.org/epogue-palindrome/-/epogue-palindrome-0.2.0.tgz",
      "integrity": "sha512-tD2URxjf5eDxiK9pcZaAlmuB7apSjehxmxabtIbyd9YIn20QXYU9uBpndlGvW+LSRQk325v4N/U32fQBqyXNaw=="
    }
  }
}
